// !$*UTF8*$!
{
	archiveVersion = 1;
	classes = {
	};
	objectVersion = 55;
	objects = {

/* Begin PBXBuildFile section */
		88AC2485612F78F3DA6FF780 /* Pods_BookRate.framework in Frameworks */ = {isa = PBXBuildFile; fileRef = B52F8A4C0D95CD29EB74D09F /* Pods_BookRate.framework */; };
		AB0627DD28421D4E00488712 /* AppDelegate.swift in Sources */ = {isa = PBXBuildFile; fileRef = AB0627DC28421D4E00488712 /* AppDelegate.swift */; };
		AB0627DF28421D4E00488712 /* SceneDelegate.swift in Sources */ = {isa = PBXBuildFile; fileRef = AB0627DE28421D4E00488712 /* SceneDelegate.swift */; };
		AB0627E128421D4E00488712 /* LoginViewController.swift in Sources */ = {isa = PBXBuildFile; fileRef = AB0627E028421D4E00488712 /* LoginViewController.swift */; };
		AB0627E428421D4E00488712 /* Main.storyboard in Resources */ = {isa = PBXBuildFile; fileRef = AB0627E228421D4E00488712 /* Main.storyboard */; };
		AB0627E628421D5100488712 /* Assets.xcassets in Resources */ = {isa = PBXBuildFile; fileRef = AB0627E528421D5100488712 /* Assets.xcassets */; };
		AB0627E928421D5100488712 /* LaunchScreen.storyboard in Resources */ = {isa = PBXBuildFile; fileRef = AB0627E728421D5100488712 /* LaunchScreen.storyboard */; };
		AB4A60A5285786E7009E6239 /* BookViewController.swift in Sources */ = {isa = PBXBuildFile; fileRef = AB4A60A4285786E6009E6239 /* BookViewController.swift */; };
		AB4A60A828578942009E6239 /* BookCell.swift in Sources */ = {isa = PBXBuildFile; fileRef = AB4A60A628578942009E6239 /* BookCell.swift */; };
		AB4A60A928578942009E6239 /* BookCell.xib in Resources */ = {isa = PBXBuildFile; fileRef = AB4A60A728578942009E6239 /* BookCell.xib */; };
		AB4A60AB28578998009E6239 /* Constants.swift in Sources */ = {isa = PBXBuildFile; fileRef = AB4A60AA28578998009E6239 /* Constants.swift */; };
		AB72F7B4285909400062FD0F /* Book.swift in Sources */ = {isa = PBXBuildFile; fileRef = AB72F7B3285909400062FD0F /* Book.swift */; };
		AB72F7B6285A2A190062FD0F /* GoogleService-Info.plist in Resources */ = {isa = PBXBuildFile; fileRef = AB72F7B5285A2A190062FD0F /* GoogleService-Info.plist */; };
		AB72F7B8285A48E80062FD0F /* BooksManager.swift in Sources */ = {isa = PBXBuildFile; fileRef = AB72F7B7285A48E80062FD0F /* BooksManager.swift */; };
		AB97490C285798C0003A0C00 /* BookListViewController.swift in Sources */ = {isa = PBXBuildFile; fileRef = AB97490B285798C0003A0C00 /* BookListViewController.swift */; };
/* End PBXBuildFile section */

/* Begin PBXFileReference section */
		29CEACA27FFF4A47820F102C /* Pods-BookRate.debug.xcconfig */ = {isa = PBXFileReference; includeInIndex = 1; lastKnownFileType = text.xcconfig; name = "Pods-BookRate.debug.xcconfig"; path = "Target Support Files/Pods-BookRate/Pods-BookRate.debug.xcconfig"; sourceTree = "<group>"; };
		AB0627D928421D4E00488712 /* BookRate.app */ = {isa = PBXFileReference; explicitFileType = wrapper.application; includeInIndex = 0; path = BookRate.app; sourceTree = BUILT_PRODUCTS_DIR; };
		AB0627DC28421D4E00488712 /* AppDelegate.swift */ = {isa = PBXFileReference; lastKnownFileType = sourcecode.swift; path = AppDelegate.swift; sourceTree = "<group>"; };
		AB0627DE28421D4E00488712 /* SceneDelegate.swift */ = {isa = PBXFileReference; lastKnownFileType = sourcecode.swift; path = SceneDelegate.swift; sourceTree = "<group>"; };
		AB0627E028421D4E00488712 /* LoginViewController.swift */ = {isa = PBXFileReference; lastKnownFileType = sourcecode.swift; name = LoginViewController.swift; path = BookRate/Controller/LoginViewController.swift; sourceTree = SOURCE_ROOT; };
		AB0627E328421D4E00488712 /* Base */ = {isa = PBXFileReference; lastKnownFileType = file.storyboard; name = Base; path = Base.lproj/Main.storyboard; sourceTree = "<group>"; };
		AB0627E528421D5100488712 /* Assets.xcassets */ = {isa = PBXFileReference; lastKnownFileType = folder.assetcatalog; path = Assets.xcassets; sourceTree = "<group>"; };
		AB0627E828421D5100488712 /* Base */ = {isa = PBXFileReference; lastKnownFileType = file.storyboard; name = Base; path = Base.lproj/LaunchScreen.storyboard; sourceTree = "<group>"; };
		AB0627EA28421D5100488712 /* Info.plist */ = {isa = PBXFileReference; lastKnownFileType = text.plist.xml; path = Info.plist; sourceTree = "<group>"; };
		AB4A60A4285786E6009E6239 /* BookViewController.swift */ = {isa = PBXFileReference; lastKnownFileType = sourcecode.swift; name = BookViewController.swift; path = BookRate/Controller/BookViewController.swift; sourceTree = SOURCE_ROOT; };
		AB4A60A628578942009E6239 /* BookCell.swift */ = {isa = PBXFileReference; lastKnownFileType = sourcecode.swift; name = BookCell.swift; path = BookRate/View/BookCell.swift; sourceTree = SOURCE_ROOT; };
		AB4A60A728578942009E6239 /* BookCell.xib */ = {isa = PBXFileReference; lastKnownFileType = file.xib; name = BookCell.xib; path = BookRate/View/BookCell.xib; sourceTree = SOURCE_ROOT; };
		AB4A60AA28578998009E6239 /* Constants.swift */ = {isa = PBXFileReference; lastKnownFileType = sourcecode.swift; path = Constants.swift; sourceTree = "<group>"; };
		AB72F7B3285909400062FD0F /* Book.swift */ = {isa = PBXFileReference; lastKnownFileType = sourcecode.swift; path = Book.swift; sourceTree = "<group>"; };
		AB72F7B5285A2A190062FD0F /* GoogleService-Info.plist */ = {isa = PBXFileReference; fileEncoding = 4; lastKnownFileType = text.plist.xml; path = "GoogleService-Info.plist"; sourceTree = "<group>"; };
		AB72F7B7285A48E80062FD0F /* BooksManager.swift */ = {isa = PBXFileReference; lastKnownFileType = sourcecode.swift; path = BooksManager.swift; sourceTree = "<group>"; };
		AB97490B285798C0003A0C00 /* BookListViewController.swift */ = {isa = PBXFileReference; lastKnownFileType = sourcecode.swift; name = BookListViewController.swift; path = BookRate/Controller/BookListViewController.swift; sourceTree = SOURCE_ROOT; };
		B52F8A4C0D95CD29EB74D09F /* Pods_BookRate.framework */ = {isa = PBXFileReference; explicitFileType = wrapper.framework; includeInIndex = 0; path = Pods_BookRate.framework; sourceTree = BUILT_PRODUCTS_DIR; };
		F62565F28705398A786D0D6F /* Pods-BookRate.release.xcconfig */ = {isa = PBXFileReference; includeInIndex = 1; lastKnownFileType = text.xcconfig; name = "Pods-BookRate.release.xcconfig"; path = "Target Support Files/Pods-BookRate/Pods-BookRate.release.xcconfig"; sourceTree = "<group>"; };
/* End PBXFileReference section */

/* Begin PBXFrameworksBuildPhase section */
		AB0627D628421D4E00488712 /* Frameworks */ = {
			isa = PBXFrameworksBuildPhase;
			buildActionMask = 2147483647;
			files = (
				88AC2485612F78F3DA6FF780 /* Pods_BookRate.framework in Frameworks */,
			);
			runOnlyForDeploymentPostprocessing = 0;
		};
/* End PBXFrameworksBuildPhase section */

/* Begin PBXGroup section */
		96835D341A34E0B4368FE4F3 /* Frameworks */ = {
			isa = PBXGroup;
			children = (
				B52F8A4C0D95CD29EB74D09F /* Pods_BookRate.framework */,
			);
			name = Frameworks;
			sourceTree = "<group>";
		};
		AA453554CB59C279F52EC97E /* Pods */ = {
			isa = PBXGroup;
			children = (
				29CEACA27FFF4A47820F102C /* Pods-BookRate.debug.xcconfig */,
				F62565F28705398A786D0D6F /* Pods-BookRate.release.xcconfig */,
			);
			path = Pods;
			sourceTree = "<group>";
		};
		AB0627D028421D4D00488712 = {
			isa = PBXGroup;
			children = (
				AB0627DB28421D4E00488712 /* BookRate */,
				AB0627DA28421D4E00488712 /* Products */,
				AA453554CB59C279F52EC97E /* Pods */,
				96835D341A34E0B4368FE4F3 /* Frameworks */,
			);
			sourceTree = "<group>";
		};
		AB0627DA28421D4E00488712 /* Products */ = {
			isa = PBXGroup;
			children = (
				AB0627D928421D4E00488712 /* BookRate.app */,
			);
			name = Products;
			sourceTree = "<group>";
		};
		AB0627DB28421D4E00488712 /* BookRate */ = {
			isa = PBXGroup;
			children = (
				AB0627DC28421D4E00488712 /* AppDelegate.swift */,
				AB0627DE28421D4E00488712 /* SceneDelegate.swift */,
				AB0627F228429B9A00488712 /* Model */,
				AB0627F028429B7700488712 /* View */,
				AB0627F128429B8600488712 /* Controller */,
				AB4A60AA28578998009E6239 /* Constants.swift */,
				AB0627E528421D5100488712 /* Assets.xcassets */,
				AB0627E728421D5100488712 /* LaunchScreen.storyboard */,
				AB0627EA28421D5100488712 /* Info.plist */,
				AB72F7B5285A2A190062FD0F /* GoogleService-Info.plist */,
			);
			path = BookRate;
			sourceTree = "<group>";
		};
		AB0627F028429B7700488712 /* View */ = {
			isa = PBXGroup;
			children = (
				AB0627E228421D4E00488712 /* Main.storyboard */,
				AB4A60A628578942009E6239 /* BookCell.swift */,
				AB4A60A728578942009E6239 /* BookCell.xib */,
			);
			path = View;
			sourceTree = "<group>";
		};
		AB0627F128429B8600488712 /* Controller */ = {
			isa = PBXGroup;
			children = (
				AB0627E028421D4E00488712 /* LoginViewController.swift */,
				AB4A60A4285786E6009E6239 /* BookViewController.swift */,
				AB97490B285798C0003A0C00 /* BookListViewController.swift */,
			);
			path = Controller;
			sourceTree = "<group>";
		};
		AB0627F228429B9A00488712 /* Model */ = {
			isa = PBXGroup;
			children = (
				AB72F7B3285909400062FD0F /* Book.swift */,
				AB72F7B7285A48E80062FD0F /* BooksManager.swift */,
			);
			path = Model;
			sourceTree = "<group>";
		};
/* End PBXGroup section */

/* Begin PBXNativeTarget section */
		AB0627D828421D4E00488712 /* BookRate */ = {
			isa = PBXNativeTarget;
			buildConfigurationList = AB0627ED28421D5100488712 /* Build configuration list for PBXNativeTarget "BookRate" */;
			buildPhases = (
				A03874616A10B7A5F79F3F80 /* [CP] Check Pods Manifest.lock */,
				AB0627D528421D4E00488712 /* Sources */,
				AB0627D628421D4E00488712 /* Frameworks */,
				AB0627D728421D4E00488712 /* Resources */,
				25EB5D0D4480E2BE3A3F30FB /* [CP] Embed Pods Frameworks */,
			);
			buildRules = (
			);
			dependencies = (
			);
			name = BookRate;
			productName = BookRate;
			productReference = AB0627D928421D4E00488712 /* BookRate.app */;
			productType = "com.apple.product-type.application";
		};
/* End PBXNativeTarget section */

/* Begin PBXProject section */
		AB0627D128421D4D00488712 /* Project object */ = {
			isa = PBXProject;
			attributes = {
				BuildIndependentTargetsInParallel = 1;
				LastSwiftUpdateCheck = 1340;
				LastUpgradeCheck = 1340;
				TargetAttributes = {
					AB0627D828421D4E00488712 = {
						CreatedOnToolsVersion = 13.4;
					};
				};
			};
			buildConfigurationList = AB0627D428421D4D00488712 /* Build configuration list for PBXProject "BookRate" */;
			compatibilityVersion = "Xcode 13.0";
			developmentRegion = en;
			hasScannedForEncodings = 0;
			knownRegions = (
				en,
				Base,
			);
			mainGroup = AB0627D028421D4D00488712;
			productRefGroup = AB0627DA28421D4E00488712 /* Products */;
			projectDirPath = "";
			projectRoot = "";
			targets = (
				AB0627D828421D4E00488712 /* BookRate */,
			);
		};
/* End PBXProject section */

/* Begin PBXResourcesBuildPhase section */
		AB0627D728421D4E00488712 /* Resources */ = {
			isa = PBXResourcesBuildPhase;
			buildActionMask = 2147483647;
			files = (
				AB4A60A928578942009E6239 /* BookCell.xib in Resources */,
				AB0627E928421D5100488712 /* LaunchScreen.storyboard in Resources */,
				AB72F7B6285A2A190062FD0F /* GoogleService-Info.plist in Resources */,
				AB0627E628421D5100488712 /* Assets.xcassets in Resources */,
				AB0627E428421D4E00488712 /* Main.storyboard in Resources */,
			);
			runOnlyForDeploymentPostprocessing = 0;
		};
/* End PBXResourcesBuildPhase section */

/* Begin PBXShellScriptBuildPhase section */
		25EB5D0D4480E2BE3A3F30FB /* [CP] Embed Pods Frameworks */ = {
			isa = PBXShellScriptBuildPhase;
			buildActionMask = 2147483647;
			files = (
			);
			inputFileListPaths = (
				"${PODS_ROOT}/Target Support Files/Pods-BookRate/Pods-BookRate-frameworks-${CONFIGURATION}-input-files.xcfilelist",
			);
			name = "[CP] Embed Pods Frameworks";
			outputFileListPaths = (
				"${PODS_ROOT}/Target Support Files/Pods-BookRate/Pods-BookRate-frameworks-${CONFIGURATION}-output-files.xcfilelist",
			);
			runOnlyForDeploymentPostprocessing = 0;
			shellPath = /bin/sh;
			shellScript = "\"${PODS_ROOT}/Target Support Files/Pods-BookRate/Pods-BookRate-frameworks.sh\"\n";
			showEnvVarsInLog = 0;
		};
		A03874616A10B7A5F79F3F80 /* [CP] Check Pods Manifest.lock */ = {
			isa = PBXShellScriptBuildPhase;
			buildActionMask = 2147483647;
			files = (
			);
			inputFileListPaths = (
			);
			inputPaths = (
				"${PODS_PODFILE_DIR_PATH}/Podfile.lock",
				"${PODS_ROOT}/Manifest.lock",
			);
			name = "[CP] Check Pods Manifest.lock";
			outputFileListPaths = (
			);
			outputPaths = (
				"$(DERIVED_FILE_DIR)/Pods-BookRate-checkManifestLockResult.txt",
			);
			runOnlyForDeploymentPostprocessing = 0;
			shellPath = /bin/sh;
			shellScript = "diff \"${PODS_PODFILE_DIR_PATH}/Podfile.lock\" \"${PODS_ROOT}/Manifest.lock\" > /dev/null\nif [ $? != 0 ] ; then\n    # print error to STDERR\n    echo \"error: The sandbox is not in sync with the Podfile.lock. Run 'pod install' or update your CocoaPods installation.\" >&2\n    exit 1\nfi\n# This output is used by Xcode 'outputs' to avoid re-running this script phase.\necho \"SUCCESS\" > \"${SCRIPT_OUTPUT_FILE_0}\"\n";
			showEnvVarsInLog = 0;
		};
/* End PBXShellScriptBuildPhase section */

/* Begin PBXSourcesBuildPhase section */
		AB0627D528421D4E00488712 /* Sources */ = {
			isa = PBXSourcesBuildPhase;
			buildActionMask = 2147483647;
			files = (
				AB72F7B4285909400062FD0F /* Book.swift in Sources */,
				AB72F7B8285A48E80062FD0F /* BooksManager.swift in Sources */,
				AB4A60A828578942009E6239 /* BookCell.swift in Sources */,
				AB0627E128421D4E00488712 /* LoginViewController.swift in Sources */,
				AB0627DD28421D4E00488712 /* AppDelegate.swift in Sources */,
				AB4A60A5285786E7009E6239 /* BookViewController.swift in Sources */,
				AB4A60AB28578998009E6239 /* Constants.swift in Sources */,
				AB97490C285798C0003A0C00 /* BookListViewController.swift in Sources */,
				AB0627DF28421D4E00488712 /* SceneDelegate.swift in Sources */,
			);
			runOnlyForDeploymentPostprocessing = 0;
		};
/* End PBXSourcesBuildPhase section */

/* Begin PBXVariantGroup section */
		AB0627E228421D4E00488712 /* Main.storyboard */ = {
			isa = PBXVariantGroup;
			children = (
				AB0627E328421D4E00488712 /* Base */,
			);
			name = Main.storyboard;
			sourceTree = "<group>";
		};
		AB0627E728421D5100488712 /* LaunchScreen.storyboard */ = {
			isa = PBXVariantGroup;
			children = (
				AB0627E828421D5100488712 /* Base */,
			);
			name = LaunchScreen.storyboard;
			sourceTree = "<group>";
		};
/* End PBXVariantGroup section */

/* Begin XCBuildConfiguration section */
		AB0627EB28421D5100488712 /* Debug */ = {
			isa = XCBuildConfiguration;
			buildSettings = {
				ALWAYS_SEARCH_USER_PATHS = NO;
				CLANG_ANALYZER_NONNULL = YES;
				CLANG_ANALYZER_NUMBER_OBJECT_CONVERSION = YES_AGGRESSIVE;
				CLANG_CXX_LANGUAGE_STANDARD = "gnu++17";
				CLANG_ENABLE_MODULES = YES;
				CLANG_ENABLE_OBJC_ARC = YES;
				CLANG_ENABLE_OBJC_WEAK = YES;
				CLANG_WARN_BLOCK_CAPTURE_AUTORELEASING = YES;
				CLANG_WARN_BOOL_CONVERSION = YES;
				CLANG_WARN_COMMA = YES;
				CLANG_WARN_CONSTANT_CONVERSION = YES;
				CLANG_WARN_DEPRECATED_OBJC_IMPLEMENTATIONS = YES;
				CLANG_WARN_DIRECT_OBJC_ISA_USAGE = YES_ERROR;
				CLANG_WARN_DOCUMENTATION_COMMENTS = YES;
				CLANG_WARN_EMPTY_BODY = YES;
				CLANG_WARN_ENUM_CONVERSION = YES;
				CLANG_WARN_INFINITE_RECURSION = YES;
				CLANG_WARN_INT_CONVERSION = YES;
				CLANG_WARN_NON_LITERAL_NULL_CONVERSION = YES;
				CLANG_WARN_OBJC_IMPLICIT_RETAIN_SELF = YES;
				CLANG_WARN_OBJC_LITERAL_CONVERSION = YES;
				CLANG_WARN_OBJC_ROOT_CLASS = YES_ERROR;
				CLANG_WARN_QUOTED_INCLUDE_IN_FRAMEWORK_HEADER = YES;
				CLANG_WARN_RANGE_LOOP_ANALYSIS = YES;
				CLANG_WARN_STRICT_PROTOTYPES = YES;
				CLANG_WARN_SUSPICIOUS_MOVE = YES;
				CLANG_WARN_UNGUARDED_AVAILABILITY = YES_AGGRESSIVE;
				CLANG_WARN_UNREACHABLE_CODE = YES;
				CLANG_WARN__DUPLICATE_METHOD_MATCH = YES;
				COPY_PHASE_STRIP = NO;
				DEBUG_INFORMATION_FORMAT = dwarf;
				ENABLE_STRICT_OBJC_MSGSEND = YES;
				ENABLE_TESTABILITY = YES;
				GCC_C_LANGUAGE_STANDARD = gnu11;
				GCC_DYNAMIC_NO_PIC = NO;
				GCC_NO_COMMON_BLOCKS = YES;
				GCC_OPTIMIZATION_LEVEL = 0;
				GCC_PREPROCESSOR_DEFINITIONS = (
					"DEBUG=1",
					"$(inherited)",
				);
				GCC_WARN_64_TO_32_BIT_CONVERSION = YES;
				GCC_WARN_ABOUT_RETURN_TYPE = YES_ERROR;
				GCC_WARN_UNDECLARED_SELECTOR = YES;
				GCC_WARN_UNINITIALIZED_AUTOS = YES_AGGRESSIVE;
				GCC_WARN_UNUSED_FUNCTION = YES;
				GCC_WARN_UNUSED_VARIABLE = YES;
				IPHONEOS_DEPLOYMENT_TARGET = 15.5;
				MTL_ENABLE_DEBUG_INFO = INCLUDE_SOURCE;
				MTL_FAST_MATH = YES;
				ONLY_ACTIVE_ARCH = YES;
				SDKROOT = iphoneos;
				SWIFT_ACTIVE_COMPILATION_CONDITIONS = DEBUG;
				SWIFT_OPTIMIZATION_LEVEL = "-Onone";
			};
			name = Debug;
		};
		AB0627EC28421D5100488712 /* Release */ = {
			isa = XCBuildConfiguration;
			buildSettings = {
				ALWAYS_SEARCH_USER_PATHS = NO;
				CLANG_ANALYZER_NONNULL = YES;
				CLANG_ANALYZER_NUMBER_OBJECT_CONVERSION = YES_AGGRESSIVE;
				CLANG_CXX_LANGUAGE_STANDARD = "gnu++17";
				CLANG_ENABLE_MODULES = YES;
				CLANG_ENABLE_OBJC_ARC = YES;
				CLANG_ENABLE_OBJC_WEAK = YES;
				CLANG_WARN_BLOCK_CAPTURE_AUTORELEASING = YES;
				CLANG_WARN_BOOL_CONVERSION = YES;
				CLANG_WARN_COMMA = YES;
				CLANG_WARN_CONSTANT_CONVERSION = YES;
				CLANG_WARN_DEPRECATED_OBJC_IMPLEMENTATIONS = YES;
				CLANG_WARN_DIRECT_OBJC_ISA_USAGE = YES_ERROR;
				CLANG_WARN_DOCUMENTATION_COMMENTS = YES;
				CLANG_WARN_EMPTY_BODY = YES;
				CLANG_WARN_ENUM_CONVERSION = YES;
				CLANG_WARN_INFINITE_RECURSION = YES;
				CLANG_WARN_INT_CONVERSION = YES;
				CLANG_WARN_NON_LITERAL_NULL_CONVERSION = YES;
				CLANG_WARN_OBJC_IMPLICIT_RETAIN_SELF = YES;
				CLANG_WARN_OBJC_LITERAL_CONVERSION = YES;
				CLANG_WARN_OBJC_ROOT_CLASS = YES_ERROR;
				CLANG_WARN_QUOTED_INCLUDE_IN_FRAMEWORK_HEADER = YES;
				CLANG_WARN_RANGE_LOOP_ANALYSIS = YES;
				CLANG_WARN_STRICT_PROTOTYPES = YES;
				CLANG_WARN_SUSPICIOUS_MOVE = YES;
				CLANG_WARN_UNGUARDED_AVAILABILITY = YES_AGGRESSIVE;
				CLANG_WARN_UNREACHABLE_CODE = YES;
				CLANG_WARN__DUPLICATE_METHOD_MATCH = YES;
				COPY_PHASE_STRIP = NO;
				DEBUG_INFORMATION_FORMAT = "dwarf-with-dsym";
				ENABLE_NS_ASSERTIONS = NO;
				ENABLE_STRICT_OBJC_MSGSEND = YES;
				GCC_C_LANGUAGE_STANDARD = gnu11;
				GCC_NO_COMMON_BLOCKS = YES;
				GCC_WARN_64_TO_32_BIT_CONVERSION = YES;
				GCC_WARN_ABOUT_RETURN_TYPE = YES_ERROR;
				GCC_WARN_UNDECLARED_SELECTOR = YES;
				GCC_WARN_UNINITIALIZED_AUTOS = YES_AGGRESSIVE;
				GCC_WARN_UNUSED_FUNCTION = YES;
				GCC_WARN_UNUSED_VARIABLE = YES;
				IPHONEOS_DEPLOYMENT_TARGET = 15.5;
				MTL_ENABLE_DEBUG_INFO = NO;
				MTL_FAST_MATH = YES;
				SDKROOT = iphoneos;
				SWIFT_COMPILATION_MODE = wholemodule;
				SWIFT_OPTIMIZATION_LEVEL = "-O";
				VALIDATE_PRODUCT = YES;
			};
			name = Release;
		};
		AB0627EE28421D5100488712 /* Debug */ = {
			isa = XCBuildConfiguration;
			baseConfigurationReference = 29CEACA27FFF4A47820F102C /* Pods-BookRate.debug.xcconfig */;
			buildSettings = {
				ASSETCATALOG_COMPILER_APPICON_NAME = AppIcon;
				ASSETCATALOG_COMPILER_GLOBAL_ACCENT_COLOR_NAME = AccentColor;
				CODE_SIGN_STYLE = Automatic;
				CURRENT_PROJECT_VERSION = 1;
				DEVELOPMENT_TEAM = CJ5XJV3C6G;
				GENERATE_INFOPLIST_FILE = YES;
				INFOPLIST_FILE = BookRate/Info.plist;
				INFOPLIST_KEY_UIApplicationSupportsIndirectInputEvents = YES;
				INFOPLIST_KEY_UILaunchStoryboardName = LaunchScreen;
				INFOPLIST_KEY_UIMainStoryboardFile = Main;
				INFOPLIST_KEY_UISupportedInterfaceOrientations = UIInterfaceOrientationPortrait;
				INFOPLIST_KEY_UISupportedInterfaceOrientations_iPad = "UIInterfaceOrientationPortrait UIInterfaceOrientationPortraitUpsideDown UIInterfaceOrientationLandscapeLeft UIInterfaceOrientationLandscapeRight";
				INFOPLIST_KEY_UISupportedInterfaceOrientations_iPhone = "UIInterfaceOrientationPortrait UIInterfaceOrientationLandscapeLeft UIInterfaceOrientationLandscapeRight";
				LD_RUNPATH_SEARCH_PATHS = (
					"$(inherited)",
					"@executable_path/Frameworks",
				);
				MARKETING_VERSION = 1.0;
				PRODUCT_BUNDLE_IDENTIFIER = com.nastia.BookRate;
				PRODUCT_NAME = "$(TARGET_NAME)";
				SWIFT_EMIT_LOC_STRINGS = YES;
				SWIFT_VERSION = 5.0;
				TARGETED_DEVICE_FAMILY = "1,2";
			};
			name = Debug;
		};
		AB0627EF28421D5100488712 /* Release */ = {
			isa = XCBuildConfiguration;
			baseConfigurationReference = F62565F28705398A786D0D6F /* Pods-BookRate.release.xcconfig */;
			buildSettings = {
				ASSETCATALOG_COMPILER_APPICON_NAME = AppIcon;
				ASSETCATALOG_COMPILER_GLOBAL_ACCENT_COLOR_NAME = AccentColor;
				CODE_SIGN_STYLE = Automatic;
				CURRENT_PROJECT_VERSION = 1;
				DEVELOPMENT_TEAM = CJ5XJV3C6G;
				GENERATE_INFOPLIST_FILE = YES;
				INFOPLIST_FILE = BookRate/Info.plist;
				INFOPLIST_KEY_UIApplicationSupportsIndirectInputEvents = YES;
				INFOPLIST_KEY_UILaunchStoryboardName = LaunchScreen;
				INFOPLIST_KEY_UIMainStoryboardFile = Main;
				INFOPLIST_KEY_UISupportedInterfaceOrientations = UIInterfaceOrientationPortrait;
				INFOPLIST_KEY_UISupportedInterfaceOrientations_iPad = "UIInterfaceOrientationPortrait UIInterfaceOrientationPortraitUpsideDown UIInterfaceOrientationLandscapeLeft UIInterfaceOrientationLandscapeRight";
				INFOPLIST_KEY_UISupportedInterfaceOrientations_iPhone = "UIInterfaceOrientationPortrait UIInterfaceOrientationLandscapeLeft UIInterfaceOrientationLandscapeRight";
				LD_RUNPATH_SEARCH_PATHS = (
					"$(inherited)",
					"@executable_path/Frameworks",
				);
				MARKETING_VERSION = 1.0;
				PRODUCT_BUNDLE_IDENTIFIER = com.nastia.BookRate;
				PRODUCT_NAME = "$(TARGET_NAME)";
				SWIFT_EMIT_LOC_STRINGS = YES;
				SWIFT_VERSION = 5.0;
				TARGETED_DEVICE_FAMILY = "1,2";
			};
			name = Release;
		};
/* End XCBuildConfiguration section */

/* Begin XCConfigurationList section */
		AB0627D428421D4D00488712 /* Build configuration list for PBXProject "BookRate" */ = {
			isa = XCConfigurationList;
			buildConfigurations = (
				AB0627EB28421D5100488712 /* Debug */,
				AB0627EC28421D5100488712 /* Release */,
			);
			defaultConfigurationIsVisible = 0;
			defaultConfigurationName = Release;
		};
		AB0627ED28421D5100488712 /* Build configuration list for PBXNativeTarget "BookRate" */ = {
			isa = XCConfigurationList;
			buildConfigurations = (
				AB0627EE28421D5100488712 /* Debug */,
				AB0627EF28421D5100488712 /* Release */,
			);
			defaultConfigurationIsVisible = 0;
			defaultConfigurationName = Release;
		};
/* End XCConfigurationList section */
	};
	rootObject = AB0627D128421D4D00488712 /* Project object */;
}
